
Microsoft Visual Studio Solution File, Format Version 12.00
# Visual Studio Version 17
VisualStudioVersion = 17.10.34902.84
MinimumVisualStudioVersion = 10.0.40219.1
Project("{9A19103F-16F7-4668-BE54-9A1E7A4F7556}") = "HotelBookingAPI.Infrastructure", "HotelBookingAPI.Infrastructure.csproj", "{8F4C979D-9966-4FDC-B97F-F4AB35B2CEA4}"
EndProject
Project("{FAE04EC0-301F-11D3-BF4B-00C04F79EFBC}") = "HotelBookingAPI.Entities", "..\HotelBookingAPI.Entities\HotelBookingAPI.Entities.csproj", "{C5A9D29A-8E7D-42FC-BB4B-BED58BCAB514}"
EndProject
Project("{FAE04EC0-301F-11D3-BF4B-00C04F79EFBC}") = "HotelBookingAPI.Infrastructure.SQLServer", "..\HotelBookingAPI.Infrastructure.SQLServer\HotelBookingAPI.Infrastructure.SQLServer.csproj", "{2A84B624-AF41-4B3B-8C45-BBBA3DF244FE}"
EndProject
Project("{FAE04EC0-301F-11D3-BF4B-00C04F79EFBC}") = "HotelBookingAPI.Domain", "..\HotelBookingAPI.Domain\HotelBookingAPI.Domain.csproj", "{E9FF015F-1609-45D9-93A1-6C78AB52A15D}"
EndProject
Global
	GlobalSection(SolutionConfigurationPlatforms) = preSolution
		Debug|Any CPU = Debug|Any CPU
		Release|Any CPU = Release|Any CPU
	EndGlobalSection
	GlobalSection(ProjectConfigurationPlatforms) = postSolution
		{8F4C979D-9966-4FDC-B97F-F4AB35B2CEA4}.Debug|Any CPU.ActiveCfg = Debug|Any CPU
		{8F4C979D-9966-4FDC-B97F-F4AB35B2CEA4}.Debug|Any CPU.Build.0 = Debug|Any CPU
		{8F4C979D-9966-4FDC-B97F-F4AB35B2CEA4}.Release|Any CPU.ActiveCfg = Release|Any CPU
		{8F4C979D-9966-4FDC-B97F-F4AB35B2CEA4}.Release|Any CPU.Build.0 = Release|Any CPU
		{C5A9D29A-8E7D-42FC-BB4B-BED58BCAB514}.Debug|Any CPU.ActiveCfg = Debug|Any CPU
		{C5A9D29A-8E7D-42FC-BB4B-BED58BCAB514}.Debug|Any CPU.Build.0 = Debug|Any CPU
		{C5A9D29A-8E7D-42FC-BB4B-BED58BCAB514}.Release|Any CPU.ActiveCfg = Release|Any CPU
		{C5A9D29A-8E7D-42FC-BB4B-BED58BCAB514}.Release|Any CPU.Build.0 = Release|Any CPU
		{2A84B624-AF41-4B3B-8C45-BBBA3DF244FE}.Debug|Any CPU.ActiveCfg = Debug|Any CPU
		{2A84B624-AF41-4B3B-8C45-BBBA3DF244FE}.Debug|Any CPU.Build.0 = Debug|Any CPU
		{2A84B624-AF41-4B3B-8C45-BBBA3DF244FE}.Release|Any CPU.ActiveCfg = Release|Any CPU
		{2A84B624-AF41-4B3B-8C45-BBBA3DF244FE}.Release|Any CPU.Build.0 = Release|Any CPU
		{E9FF015F-1609-45D9-93A1-6C78AB52A15D}.Debug|Any CPU.ActiveCfg = Debug|Any CPU
		{E9FF015F-1609-45D9-93A1-6C78AB52A15D}.Debug|Any CPU.Build.0 = Debug|Any CPU
		{E9FF015F-1609-45D9-93A1-6C78AB52A15D}.Release|Any CPU.ActiveCfg = Release|Any CPU
		{E9FF015F-1609-45D9-93A1-6C78AB52A15D}.Release|Any CPU.Build.0 = Release|Any CPU
	EndGlobalSection
	GlobalSection(SolutionProperties) = preSolution
		HideSolutionNode = FALSE
	EndGlobalSection
	GlobalSection(ExtensibilityGlobals) = postSolution
		SolutionGuid = {1918650C-353F-4185-95A3-503CE7775B2F}
	EndGlobalSection
EndGlobal
